
Microsoft Visual Studio Solution File, Format Version 12.00
# Visual Studio Version 16
VisualStudioVersion = 16.0.30011.22
MinimumVisualStudioVersion = 10.0.40219.1
Project("{9A19103F-16F7-4668-BE54-9A1E7A4F7556}") = "Curso.Domain", "Domain\Curso.Domain.csproj", "{17F5A1AD-5E0B-4976-9B7F-236D77FFD527}"
EndProject
Project("{9A19103F-16F7-4668-BE54-9A1E7A4F7556}") = "Curso.Test", "Tests\Curso.Test.csproj", "{CB8882F6-A760-4918-809E-E12B11369EE2}"
EndProject
Project("{9A19103F-16F7-4668-BE54-9A1E7A4F7556}") = "Curso.Service", "Service\Curso.Service.csproj", "{A777F196-11C5-4629-8345-AA18EBCB57DE}"
EndProject
Project("{9A19103F-16F7-4668-BE54-9A1E7A4F7556}") = "Curso.Repository", "Repository\Curso.Repository.csproj", "{FF6C1BB3-C927-4CC4-8323-021CAA7BB702}"
EndProject
Project("{FAE04EC0-301F-11D3-BF4B-00C04F79EFBC}") = "Curso.Web", "Curso.Web\Curso.Web.csproj", "{7D161E16-343A-49C7-B2AC-53B8F3B49499}"
EndProject
Global
	GlobalSection(SolutionConfigurationPlatforms) = preSolution
		Debug|Any CPU = Debug|Any CPU
		Release|Any CPU = Release|Any CPU
	EndGlobalSection
	GlobalSection(ProjectConfigurationPlatforms) = postSolution
		{17F5A1AD-5E0B-4976-9B7F-236D77FFD527}.Debug|Any CPU.ActiveCfg = Debug|Any CPU
		{17F5A1AD-5E0B-4976-9B7F-236D77FFD527}.Debug|Any CPU.Build.0 = Debug|Any CPU
		{17F5A1AD-5E0B-4976-9B7F-236D77FFD527}.Release|Any CPU.ActiveCfg = Release|Any CPU
		{17F5A1AD-5E0B-4976-9B7F-236D77FFD527}.Release|Any CPU.Build.0 = Release|Any CPU
		{CB8882F6-A760-4918-809E-E12B11369EE2}.Debug|Any CPU.ActiveCfg = Debug|Any CPU
		{CB8882F6-A760-4918-809E-E12B11369EE2}.Debug|Any CPU.Build.0 = Debug|Any CPU
		{CB8882F6-A760-4918-809E-E12B11369EE2}.Release|Any CPU.ActiveCfg = Release|Any CPU
		{CB8882F6-A760-4918-809E-E12B11369EE2}.Release|Any CPU.Build.0 = Release|Any CPU
		{A777F196-11C5-4629-8345-AA18EBCB57DE}.Debug|Any CPU.ActiveCfg = Debug|Any CPU
		{A777F196-11C5-4629-8345-AA18EBCB57DE}.Debug|Any CPU.Build.0 = Debug|Any CPU
		{A777F196-11C5-4629-8345-AA18EBCB57DE}.Release|Any CPU.ActiveCfg = Release|Any CPU
		{A777F196-11C5-4629-8345-AA18EBCB57DE}.Release|Any CPU.Build.0 = Release|Any CPU
		{FF6C1BB3-C927-4CC4-8323-021CAA7BB702}.Debug|Any CPU.ActiveCfg = Debug|Any CPU
		{FF6C1BB3-C927-4CC4-8323-021CAA7BB702}.Debug|Any CPU.Build.0 = Debug|Any CPU
		{FF6C1BB3-C927-4CC4-8323-021CAA7BB702}.Release|Any CPU.ActiveCfg = Release|Any CPU
		{FF6C1BB3-C927-4CC4-8323-021CAA7BB702}.Release|Any CPU.Build.0 = Release|Any CPU
		{7D161E16-343A-49C7-B2AC-53B8F3B49499}.Debug|Any CPU.ActiveCfg = Debug|Any CPU
		{7D161E16-343A-49C7-B2AC-53B8F3B49499}.Debug|Any CPU.Build.0 = Debug|Any CPU
		{7D161E16-343A-49C7-B2AC-53B8F3B49499}.Release|Any CPU.ActiveCfg = Release|Any CPU
		{7D161E16-343A-49C7-B2AC-53B8F3B49499}.Release|Any CPU.Build.0 = Release|Any CPU
	EndGlobalSection
	GlobalSection(SolutionProperties) = preSolution
		HideSolutionNode = FALSE
	EndGlobalSection
	GlobalSection(ExtensibilityGlobals) = postSolution
		SolutionGuid = {F69D7E21-1DC9-4E60-8AE5-87CD116EF167}
	EndGlobalSection
EndGlobal
